
Microsoft Visual Studio Solution File, Format Version 12.00
# Visual Studio Version 18
VisualStudioVersion = 18.2.11415.280 d18.0
MinimumVisualStudioVersion = 10.0.40219.1
Project("{FAE04EC0-301F-11D3-BF4B-00C04F79EFBC}") = "gip.core.datamodel", "..\iPlus\gip.core.datamodel\gip.core.datamodel.csproj", "{16FB4111-5110-46E5-851D-38A4D7522F85}"
EndProject
Project("{FAE04EC0-301F-11D3-BF4B-00C04F79EFBC}") = "gip.core.autocomponent", "..\iPlus\gip.core.autocomponent\gip.core.autocomponent.csproj", "{893D3B1B-DC55-4684-8B5D-941F1049151B}"
EndProject
Project("{FAE04EC0-301F-11D3-BF4B-00C04F79EFBC}") = "gip.core.communication", "..\iPlus\gip.core.communication\gip.core.communication.csproj", "{96014A57-E700-478F-850E-452E9BFCAA90}"
EndProject
Project("{FAE04EC0-301F-11D3-BF4B-00C04F79EFBC}") = "gip.core.layoutengine", "..\iPlus\gip.core.layoutengine\gip.core.layoutengine.csproj", "{A294786A-0921-4773-A0BF-F98F5AFCAE0D}"
EndProject
Project("{2150E333-8FDC-42A3-9474-1A3956D46DE8}") = "1. Clientlayer", "1. Clientlayer", "{C45A850D-9405-44B4-BF9B-6A4770E241F5}"
EndProject
Project("{2150E333-8FDC-42A3-9474-1A3956D46DE8}") = "2. Businesslayer", "2. Businesslayer", "{C148BF91-2958-4C8D-8218-CD8CA0C0437D}"
EndProject
Project("{2150E333-8FDC-42A3-9474-1A3956D46DE8}") = "3. Datalayer", "3. Datalayer", "{B5C7FEEF-A87E-4FDE-8092-3A03B1E092A9}"
EndProject
Project("{2150E333-8FDC-42A3-9474-1A3956D46DE8}") = "Varioiplus", "Varioiplus", "{7C70B05D-F74B-4139-A1DE-1FB01A6ED3F6}"
EndProject
Project("{2150E333-8FDC-42A3-9474-1A3956D46DE8}") = "Extension", "Extension", "{0D4C184E-1281-47E6-A4CB-E4EA4E442896}"
EndProject
Project("{2150E333-8FDC-42A3-9474-1A3956D46DE8}") = "Framework", "Framework", "{067BD0FA-9526-4698-A6B7-EEC70587830B}"
EndProject
Project("{FAE04EC0-301F-11D3-BF4B-00C04F79EFBC}") = "gip.bso.iplus", "..\iPlus\gip.bso.iplus\gip.bso.iplus.csproj", "{763EA3DC-3FB4-4D74-A252-A6A8811F0461}"
EndProject
Project("{FAE04EC0-301F-11D3-BF4B-00C04F79EFBC}") = "gip.ext.chart", "..\iPlus\gip.ext.chart\gip.ext.chart.csproj", "{25779059-D15F-48CD-88BD-7DEA111A2036}"
EndProject
Project("{FAE04EC0-301F-11D3-BF4B-00C04F79EFBC}") = "gip.ext.graphics", "..\iPlus\gip.ext.graphics\gip.ext.graphics.csproj", "{889DAD2E-8E03-4A47-9A24-8EE759B37A70}"
EndProject
Project("{FAE04EC0-301F-11D3-BF4B-00C04F79EFBC}") = "gip.ext.opctoolbox", "..\iPlus\gip.ext.opctoolbox\gip.ext.opctoolbox.csproj", "{BB162D04-7C12-4700-AB7D-9D1A5B823E2E}"
EndProject
Project("{FAE04EC0-301F-11D3-BF4B-00C04F79EFBC}") = "gip.core.manager", "..\iPlus\gip.core.manager\gip.core.manager.csproj", "{3A9383D8-5C6D-429C-89D3-57C1D2565AD1}"
EndProject
Project("{FAE04EC0-301F-11D3-BF4B-00C04F79EFBC}") = "gip.core.processapplication", "..\iPlus\gip.core.processapplication\gip.core.processapplication.csproj", "{66484708-85BD-47C4-92DD-3010387465F4}"
EndProject
Project("{FAE04EC0-301F-11D3-BF4B-00C04F79EFBC}") = "gip.core.reporthandler", "..\iPlus\gip.core.reporthandler\gip.core.reporthandler.csproj", "{6AD88CAF-A168-4BC2-9ECE-F62E7B216465}"
EndProject
Project("{FAE04EC0-301F-11D3-BF4B-00C04F79EFBC}") = "gip.core.visualcontrols", "..\iPlus\gip.core.visualcontrols\gip.core.visualcontrols.csproj", "{1B33DCDB-80FD-4029-AA95-E1760FA3EADF}"
EndProject
Project("{2150E333-8FDC-42A3-9474-1A3956D46DE8}") = "2. Businesslayer", "2. Businesslayer", "{213CEB9A-795B-48BE-8FB5-86CD2D1AD63F}"
EndProject
Project("{FAE04EC0-301F-11D3-BF4B-00C04F79EFBC}") = "gip.bso.facility", "gip.bso.facility\gip.bso.facility.csproj", "{9D0A5A8E-7C05-4F37-8E98-848C8E9DB4E4}"
EndProject
Project("{FAE04EC0-301F-11D3-BF4B-00C04F79EFBC}") = "gip.bso.logistics", "gip.bso.logistics\gip.bso.logistics.csproj", "{D82E92F5-AEB2-4826-812B-2AA51B7BC069}"
EndProject
Project("{FAE04EC0-301F-11D3-BF4B-00C04F79EFBC}") = "gip.bso.manufacturing", "gip.bso.manufacturing\gip.bso.manufacturing.csproj", "{33D19B80-129B-44FD-9662-282772BCD4DC}"
EndProject
Project("{FAE04EC0-301F-11D3-BF4B-00C04F79EFBC}") = "gip.bso.purchasing", "gip.bso.purchasing\gip.bso.purchasing.csproj", "{EC203D60-594B-47E0-BCB5-80643D25DAFF}"
EndProject
Project("{FAE04EC0-301F-11D3-BF4B-00C04F79EFBC}") = "gip.bso.sales", "gip.bso.sales\gip.bso.sales.csproj", "{8E8C3A4B-86DF-42B4-AA59-A4F4B4E3882A}"
EndProject
Project("{FAE04EC0-301F-11D3-BF4B-00C04F79EFBC}") = "gip.bso.test", "gip.bso.test\gip.bso.test.csproj", "{D471399C-8F50-422F-8965-13FFC4D24FB6}"
EndProject
Project("{2150E333-8FDC-42A3-9474-1A3956D46DE8}") = "3. Datalayer", "3. Datalayer", "{F4A3E5B7-F8EA-41BB-A00A-C75D60754CAE}"
EndProject
Project("{2150E333-8FDC-42A3-9474-1A3956D46DE8}") = "Framework", "Framework", "{3C7E5EA9-3F24-4077-BD6D-28C8B8B805E3}"
EndProject
Project("{FAE04EC0-301F-11D3-BF4B-00C04F79EFBC}") = "gip2006.variobatch.processapplication", "gip2006.variobatch.processapplication\gip2006.variobatch.processapplication.csproj", "{BC0B3EC7-E348-4E7D-96A9-FBBE68BD1AB3}"
EndProject
Project("{FAE04EC0-301F-11D3-BF4B-00C04F79EFBC}") = "gip.mes.datamodel", "gip.mes.datamodel\gip.mes.datamodel.csproj", "{5A0C15DD-AD10-43E7-9113-C4FB1B92D3B9}"
EndProject
Project("{FAE04EC0-301F-11D3-BF4B-00C04F79EFBC}") = "gip.mes.client", "gip.mes.client\gip.mes.client.csproj", "{193FBAF8-9269-4131-AA66-55DDBEFA8B01}"
EndProject
Project("{2150E333-8FDC-42A3-9474-1A3956D46DE8}") = "1. Clientlayer", "1. Clientlayer", "{C6192895-C25E-4A60-8606-7925C4D9374A}"
EndProject
Project("{FAE04EC0-301F-11D3-BF4B-00C04F79EFBC}") = "gip.iplus.client", "..\iPlus\gip.iplus.client\gip.iplus.client.csproj", "{87659620-A0E9-4240-9BFF-BD2772755959}"
EndProject
Project("{FAE04EC0-301F-11D3-BF4B-00C04F79EFBC}") = "gip.iplus.console", "..\iPlus\gip.iplus.console\gip.iplus.console.csproj", "{220E6D9A-907A-44A2-9FA7-945972475ABA}"
EndProject
Project("{FAE04EC0-301F-11D3-BF4B-00C04F79EFBC}") = "gip.iplus.service", "..\iPlus\gip.iplus.service\gip.iplus.service.csproj", "{02211577-F0BE-4511-A9B5-A4026ACC1979}"
EndProject
Project("{FAE04EC0-301F-11D3-BF4B-00C04F79EFBC}") = "gip.iplus.startup", "..\iPlus\gip.iplus.startup\gip.iplus.startup.csproj", "{906813D8-6A71-4CC3-9033-22609FC865B7}"
EndProject
Project("{FAE04EC0-301F-11D3-BF4B-00C04F79EFBC}") = "gip.ext.design", "..\iPlus\gip.ext.design\project\gip.ext.design.csproj", "{66A378A1-E9F4-4AD5-8946-D0EC06C2902F}"
EndProject
Project("{FAE04EC0-301F-11D3-BF4B-00C04F79EFBC}") = "gip.ext.designer", "..\iPlus\gip.ext.designer\project\gip.ext.designer.csproj", "{78CC29AC-CC79-4355-B1F2-97936DF198AC}"
EndProject
Project("{FAE04EC0-301F-11D3-BF4B-00C04F79EFBC}") = "gip.ext.widgets", "..\iPlus\gip.ext.widgets\project\gip.ext.widgets.csproj", "{8035765F-D51F-4A0C-A746-2FD100E19419}"
EndProject
Project("{FAE04EC0-301F-11D3-BF4B-00C04F79EFBC}") = "gip.ext.xamldom", "..\iPlus\gip.ext.xamldom\project\gip.ext.xamldom.csproj", "{88DA149F-21B2-48AB-82C4-28FB6BDFD783}"
EndProject
Project("{FAE04EC0-301F-11D3-BF4B-00C04F79EFBC}") = "gip.mes.autocomponent", "gip.mes.autocomponent\gip.mes.autocomponent.csproj", "{A1B3C017-AD96-4AE2-B6FF-9C8948393A39}"
EndProject
Project("{FAE04EC0-301F-11D3-BF4B-00C04F79EFBC}") = "gip.mes.manager", "gip.mes.manager\gip.mes.manager.csproj", "{89D489D6-8881-4E43-A760-48051FAC6C41}"
EndProject
Project("{FAE04EC0-301F-11D3-BF4B-00C04F79EFBC}") = "gip.mes.processapplication", "gip.mes.processapplication\gip.mes.processapplication.csproj", "{D1320FB8-333D-4072-880D-BD5137933D2F}"
EndProject
Project("{FAE04EC0-301F-11D3-BF4B-00C04F79EFBC}") = "gip.bso.masterdata", "gip.bso.masterdata\gip.bso.masterdata.csproj", "{64342646-DAD9-441C-A270-2A7DD2228A42}"
EndProject
Project("{FAE04EC0-301F-11D3-BF4B-00C04F79EFBC}") = "gip.mes.facility", "gip.mes.facility\gip.mes.facility.csproj", "{52DC947D-677D-42CA-BCA6-153A4E027272}"
EndProject
Project("{FAE04EC0-301F-11D3-BF4B-00C04F79EFBC}") = "gip.ext.fluent", "..\iPlus\gip.ext.fluent\gip.ext.fluent.csproj", "{4C92FCF4-3561-499F-BC5B-F2F089863047}"
EndProject
Project("{FAE04EC0-301F-11D3-BF4B-00C04F79EFBC}") = "gip.core.dbsyncer", "..\iPlus\gip.core.dbsyncer\gip.core.dbsyncer.csproj", "{06002742-2A42-4E40-8CA0-011A9093791B}"
EndProject
Project("{FAE04EC0-301F-11D3-BF4B-00C04F79EFBC}") = "gip.core.ControlScriptSync", "..\iPlus\gip.core.ControlScriptSync\gip.core.ControlScriptSync.csproj", "{AA244D31-0BE9-4AD9-BCAF-25D21298552E}"
EndProject
Project("{FAE04EC0-301F-11D3-BF4B-00C04F79EFBC}") = "gip.mes.maintenance", "gip.mes.maintenance\gip.mes.maintenance.csproj", "{4E67A54F-A057-4FE7-9E5D-C40A5C465AEA}"
EndProject
Project("{FAE04EC0-301F-11D3-BF4B-00C04F79EFBC}") = "gip.mes.archiver", "gip.mes.archiver\gip.mes.archiver.csproj", "{7923BC55-C796-4711-87A7-EABE1981C3FE}"
EndProject
Project("{FAE04EC0-301F-11D3-BF4B-00C04F79EFBC}") = "gip.core.archiver", "..\iPlus\gip.core.archiver\gip.core.archiver.csproj", "{7D912622-055C-4B2C-8EE4-52D8F1C25F73}"
EndProject
Project("{FAE04EC0-301F-11D3-BF4B-00C04F79EFBC}") = "gip.core.scichart", "..\iPlus\gip.core.scichart\gip.core.scichart.csproj", "{2665047F-0C51-458B-87A4-0D1BA264FEFD}"
EndProject
Project("{FAE04EC0-301F-11D3-BF4B-00C04F79EFBC}") = "gip.mes.webservices", "gip.mes.webservices\gip.mes.webservices.csproj", "{099CAF77-67A9-4ED5-B5D9-8709796F3628}"
EndProject
Project("{D954291E-2A0B-460D-934E-DC6B0785DB48}") = "gip.mes.webservices.shared", "gip.mes.webservices.shared\gip.mes.webservices.shared.shproj", "{1131F03B-F0F7-4AB7-AD22-8207D49C2E24}"
EndProject
Project("{D954291E-2A0B-460D-934E-DC6B0785DB48}") = "gip.core.webservices.shared", "..\iPlus\gip.core.webservices.shared\gip.core.webservices.shared.shproj", "{0C232936-48B8-4CCD-951E-8AD3D439D264}"
EndProject
Project("{FAE04EC0-301F-11D3-BF4B-00C04F79EFBC}") = "gip.core.webservices", "..\iPlus\gip.core.webservices\gip.core.webservices.csproj", "{7931F65B-3C2A-4DB9-A5A6-4BC5B4D12C00}"
EndProject
Project("{D954291E-2A0B-460D-934E-DC6B0785DB48}") = "gip.mes.facility.shared", "gip.mes.facility.shared\gip.mes.facility.shared.shproj", "{47F013C1-E869-419E-8B17-C56313ACC34B}"
EndProject
Project("{D954291E-2A0B-460D-934E-DC6B0785DB48}") = "gip.core.datamodel.shared", "..\iPlus\gip.core.datamodel.shared\gip.core.datamodel.shared.shproj", "{FE279FBA-181F-4D15-BBE8-8820CAF186B2}"
EndProject
Project("{D954291E-2A0B-460D-934E-DC6B0785DB48}") = "gip.core.autocomponent.shared", "..\iPlus\gip.core.autocomponent.shared\gip.core.autocomponent.shared.shproj", "{6D353DD2-970B-45BB-9AB6-D23A28E0233F}"
EndProject
Project("{D954291E-2A0B-460D-934E-DC6B0785DB48}") = "gip.mes.datamodel.shared", "gip.mes.datamodel.shared\gip.mes.datamodel.shared.shproj", "{AE832FBC-6E4E-4AD5-A2D6-04B45C1B1B5E}"
EndProject
Project("{FAE04EC0-301F-11D3-BF4B-00C04F79EFBC}") = "gip.mes.cmdlet", "gip.mes.cmdlet\gip.mes.cmdlet.csproj", "{71C000C3-7BEF-410E-9922-7282476FCEAD}"
EndProject
Project("{00D1A9C2-B5F0-4AF3-8072-F6C62B433612}") = "gip.core.sql", "..\iPlus\gip.core.sql\gip.core.sql.sqlproj", "{746E71A0-CC5A-4A1F-BE03-76AFCF9FAB12}"
EndProject
Project("{D954291E-2A0B-460D-934E-DC6B0785DB48}") = "gip.core.processapplication.shared", "..\iPlus\gip.core.processapplication.shared\gip.core.processapplication.shared.shproj", "{38889580-0345-42CC-AB4D-931CA15AFA85}"
EndProject
Project("{FAE04EC0-301F-11D3-BF4B-00C04F79EFBC}") = "gip.core.media", "..\iPlus\gip.core.media\gip.core.media.csproj", "{F9620201-705D-432C-8941-353E9BFFE5E0}"
EndProject
Project("{FAE04EC0-301F-11D3-BF4B-00C04F79EFBC}") = "gip.core.crypto", "..\iPlus\gip.core.crypto\gip.core.crypto.csproj", "{F9620201-705D-432C-8941-353E9BFFE5E1}"
EndProject
Global
	GlobalSection(SolutionConfigurationPlatforms) = preSolution
		Debug|Any CPU = Debug|Any CPU
		DebugDiag|Any CPU = DebugDiag|Any CPU
		Release|Any CPU = Release|Any CPU
	EndGlobalSection
	GlobalSection(ProjectConfigurationPlatforms) = postSolution
		{16FB4111-5110-46E5-851D-38A4D7522F85}.Debug|Any CPU.ActiveCfg = Debug|Any CPU
		{16FB4111-5110-46E5-851D-38A4D7522F85}.Debug|Any CPU.Build.0 = Debug|Any CPU
		{16FB4111-5110-46E5-851D-38A4D7522F85}.DebugDiag|Any CPU.ActiveCfg = Debug|Any CPU
		{16FB4111-5110-46E5-851D-38A4D7522F85}.DebugDiag|Any CPU.Build.0 = Debug|Any CPU
		{16FB4111-5110-46E5-851D-38A4D7522F85}.Release|Any CPU.ActiveCfg = Release|Any CPU
		{16FB4111-5110-46E5-851D-38A4D7522F85}.Release|Any CPU.Build.0 = Release|Any CPU
		{893D3B1B-DC55-4684-8B5D-941F1049151B}.Debug|Any CPU.ActiveCfg = Debug|Any CPU
		{893D3B1B-DC55-4684-8B5D-941F1049151B}.Debug|Any CPU.Build.0 = Debug|Any CPU
		{893D3B1B-DC55-4684-8B5D-941F1049151B}.DebugDiag|Any CPU.ActiveCfg = Debug|Any CPU
		{893D3B1B-DC55-4684-8B5D-941F1049151B}.DebugDiag|Any CPU.Build.0 = Debug|Any CPU
		{893D3B1B-DC55-4684-8B5D-941F1049151B}.Release|Any CPU.ActiveCfg = Release|Any CPU
		{893D3B1B-DC55-4684-8B5D-941F1049151B}.Release|Any CPU.Build.0 = Release|Any CPU
		{96014A57-E700-478F-850E-452E9BFCAA90}.Debug|Any CPU.ActiveCfg = Debug|Any CPU
		{96014A57-E700-478F-850E-452E9BFCAA90}.Debug|Any CPU.Build.0 = Debug|Any CPU
		{96014A57-E700-478F-850E-452E9BFCAA90}.DebugDiag|Any CPU.ActiveCfg = Debug|Any CPU
		{96014A57-E700-478F-850E-452E9BFCAA90}.DebugDiag|Any CPU.Build.0 = Debug|Any CPU
		{96014A57-E700-478F-850E-452E9BFCAA90}.Release|Any CPU.ActiveCfg = Release|Any CPU
		{96014A57-E700-478F-850E-452E9BFCAA90}.Release|Any CPU.Build.0 = Release|Any CPU
		{A294786A-0921-4773-A0BF-F98F5AFCAE0D}.Debug|Any CPU.ActiveCfg = Debug|Any CPU
		{A294786A-0921-4773-A0BF-F98F5AFCAE0D}.Debug|Any CPU.Build.0 = Debug|Any CPU
		{A294786A-0921-4773-A0BF-F98F5AFCAE0D}.DebugDiag|Any CPU.ActiveCfg = Debug|Any CPU
		{A294786A-0921-4773-A0BF-F98F5AFCAE0D}.DebugDiag|Any CPU.Build.0 = Debug|Any CPU
		{A294786A-0921-4773-A0BF-F98F5AFCAE0D}.Release|Any CPU.ActiveCfg = Release|Any CPU
		{A294786A-0921-4773-A0BF-F98F5AFCAE0D}.Release|Any CPU.Build.0 = Release|Any CPU
		{763EA3DC-3FB4-4D74-A252-A6A8811F0461}.Debug|Any CPU.ActiveCfg = Debug|Any CPU
		{763EA3DC-3FB4-4D74-A252-A6A8811F0461}.Debug|Any CPU.Build.0 = Debug|Any CPU
		{763EA3DC-3FB4-4D74-A252-A6A8811F0461}.DebugDiag|Any CPU.ActiveCfg = Debug|Any CPU
		{763EA3DC-3FB4-4D74-A252-A6A8811F0461}.DebugDiag|Any CPU.Build.0 = Debug|Any CPU
		{763EA3DC-3FB4-4D74-A252-A6A8811F0461}.Release|Any CPU.ActiveCfg = Release|Any CPU
		{763EA3DC-3FB4-4D74-A252-A6A8811F0461}.Release|Any CPU.Build.0 = Release|Any CPU
		{25779059-D15F-48CD-88BD-7DEA111A2036}.Debug|Any CPU.ActiveCfg = Debug|Any CPU
		{25779059-D15F-48CD-88BD-7DEA111A2036}.Debug|Any CPU.Build.0 = Debug|Any CPU
		{25779059-D15F-48CD-88BD-7DEA111A2036}.DebugDiag|Any CPU.ActiveCfg = Debug|Any CPU
		{25779059-D15F-48CD-88BD-7DEA111A2036}.DebugDiag|Any CPU.Build.0 = Debug|Any CPU
		{25779059-D15F-48CD-88BD-7DEA111A2036}.Release|Any CPU.ActiveCfg = Release|Any CPU
		{25779059-D15F-48CD-88BD-7DEA111A2036}.Release|Any CPU.Build.0 = Release|Any CPU
		{889DAD2E-8E03-4A47-9A24-8EE759B37A70}.Debug|Any CPU.ActiveCfg = Debug|Any CPU
		{889DAD2E-8E03-4A47-9A24-8EE759B37A70}.Debug|Any CPU.Build.0 = Debug|Any CPU
		{889DAD2E-8E03-4A47-9A24-8EE759B37A70}.DebugDiag|Any CPU.ActiveCfg = Debug|Any CPU
		{889DAD2E-8E03-4A47-9A24-8EE759B37A70}.DebugDiag|Any CPU.Build.0 = Debug|Any CPU
		{889DAD2E-8E03-4A47-9A24-8EE759B37A70}.Release|Any CPU.ActiveCfg = Release|Any CPU
		{889DAD2E-8E03-4A47-9A24-8EE759B37A70}.Release|Any CPU.Build.0 = Release|Any CPU
		{BB162D04-7C12-4700-AB7D-9D1A5B823E2E}.Debug|Any CPU.ActiveCfg = Debug|Any CPU
		{BB162D04-7C12-4700-AB7D-9D1A5B823E2E}.Debug|Any CPU.Build.0 = Debug|Any CPU
		{BB162D04-7C12-4700-AB7D-9D1A5B823E2E}.DebugDiag|Any CPU.ActiveCfg = Debug|Any CPU
		{BB162D04-7C12-4700-AB7D-9D1A5B823E2E}.DebugDiag|Any CPU.Build.0 = Debug|Any CPU
		{BB162D04-7C12-4700-AB7D-9D1A5B823E2E}.Release|Any CPU.ActiveCfg = Release|Any CPU
		{BB162D04-7C12-4700-AB7D-9D1A5B823E2E}.Release|Any CPU.Build.0 = Release|Any CPU
		{3A9383D8-5C6D-429C-89D3-57C1D2565AD1}.Debug|Any CPU.ActiveCfg = Debug|Any CPU
		{3A9383D8-5C6D-429C-89D3-57C1D2565AD1}.Debug|Any CPU.Build.0 = Debug|Any CPU
		{3A9383D8-5C6D-429C-89D3-57C1D2565AD1}.DebugDiag|Any CPU.ActiveCfg = Debug|Any CPU
		{3A9383D8-5C6D-429C-89D3-57C1D2565AD1}.DebugDiag|Any CPU.Build.0 = Debug|Any CPU
		{3A9383D8-5C6D-429C-89D3-57C1D2565AD1}.Release|Any CPU.ActiveCfg = Release|Any CPU
		{3A9383D8-5C6D-429C-89D3-57C1D2565AD1}.Release|Any CPU.Build.0 = Release|Any CPU
		{66484708-85BD-47C4-92DD-3010387465F4}.Debug|Any CPU.ActiveCfg = Debug|Any CPU
		{66484708-85BD-47C4-92DD-3010387465F4}.Debug|Any CPU.Build.0 = Debug|Any CPU
		{66484708-85BD-47C4-92DD-3010387465F4}.DebugDiag|Any CPU.ActiveCfg = Debug|Any CPU
		{66484708-85BD-47C4-92DD-3010387465F4}.DebugDiag|Any CPU.Build.0 = Debug|Any CPU
		{66484708-85BD-47C4-92DD-3010387465F4}.Release|Any CPU.ActiveCfg = Release|Any CPU
		{66484708-85BD-47C4-92DD-3010387465F4}.Release|Any CPU.Build.0 = Release|Any CPU
		{6AD88CAF-A168-4BC2-9ECE-F62E7B216465}.Debug|Any CPU.ActiveCfg = Debug|Any CPU
		{6AD88CAF-A168-4BC2-9ECE-F62E7B216465}.Debug|Any CPU.Build.0 = Debug|Any CPU
		{6AD88CAF-A168-4BC2-9ECE-F62E7B216465}.DebugDiag|Any CPU.ActiveCfg = Debug|Any CPU
		{6AD88CAF-A168-4BC2-9ECE-F62E7B216465}.DebugDiag|Any CPU.Build.0 = Debug|Any CPU
		{6AD88CAF-A168-4BC2-9ECE-F62E7B216465}.Release|Any CPU.ActiveCfg = Release|Any CPU
		{6AD88CAF-A168-4BC2-9ECE-F62E7B216465}.Release|Any CPU.Build.0 = Release|Any CPU
		{1B33DCDB-80FD-4029-AA95-E1760FA3EADF}.Debug|Any CPU.ActiveCfg = Debug|Any CPU
		{1B33DCDB-80FD-4029-AA95-E1760FA3EADF}.Debug|Any CPU.Build.0 = Debug|Any CPU
		{1B33DCDB-80FD-4029-AA95-E1760FA3EADF}.DebugDiag|Any CPU.ActiveCfg = Debug|Any CPU
		{1B33DCDB-80FD-4029-AA95-E1760FA3EADF}.DebugDiag|Any CPU.Build.0 = Debug|Any CPU
		{1B33DCDB-80FD-4029-AA95-E1760FA3EADF}.Release|Any CPU.ActiveCfg = Release|Any CPU
		{1B33DCDB-80FD-4029-AA95-E1760FA3EADF}.Release|Any CPU.Build.0 = Release|Any CPU
		{9D0A5A8E-7C05-4F37-8E98-848C8E9DB4E4}.Debug|Any CPU.ActiveCfg = Debug|Any CPU
		{9D0A5A8E-7C05-4F37-8E98-848C8E9DB4E4}.Debug|Any CPU.Build.0 = Debug|Any CPU
		{9D0A5A8E-7C05-4F37-8E98-848C8E9DB4E4}.DebugDiag|Any CPU.ActiveCfg = Debug|Any CPU
		{9D0A5A8E-7C05-4F37-8E98-848C8E9DB4E4}.DebugDiag|Any CPU.Build.0 = Debug|Any CPU
		{9D0A5A8E-7C05-4F37-8E98-848C8E9DB4E4}.Release|Any CPU.ActiveCfg = Release|Any CPU
		{9D0A5A8E-7C05-4F37-8E98-848C8E9DB4E4}.Release|Any CPU.Build.0 = Release|Any CPU
		{D82E92F5-AEB2-4826-812B-2AA51B7BC069}.Debug|Any CPU.ActiveCfg = Debug|Any CPU
		{D82E92F5-AEB2-4826-812B-2AA51B7BC069}.Debug|Any CPU.Build.0 = Debug|Any CPU
		{D82E92F5-AEB2-4826-812B-2AA51B7BC069}.DebugDiag|Any CPU.ActiveCfg = Debug|Any CPU
		{D82E92F5-AEB2-4826-812B-2AA51B7BC069}.DebugDiag|Any CPU.Build.0 = Debug|Any CPU
		{D82E92F5-AEB2-4826-812B-2AA51B7BC069}.Release|Any CPU.ActiveCfg = Release|Any CPU
		{D82E92F5-AEB2-4826-812B-2AA51B7BC069}.Release|Any CPU.Build.0 = Release|Any CPU
		{33D19B80-129B-44FD-9662-282772BCD4DC}.Debug|Any CPU.ActiveCfg = Debug|Any CPU
		{33D19B80-129B-44FD-9662-282772BCD4DC}.Debug|Any CPU.Build.0 = Debug|Any CPU
		{33D19B80-129B-44FD-9662-282772BCD4DC}.DebugDiag|Any CPU.ActiveCfg = Debug|Any CPU
		{33D19B80-129B-44FD-9662-282772BCD4DC}.DebugDiag|Any CPU.Build.0 = Debug|Any CPU
		{33D19B80-129B-44FD-9662-282772BCD4DC}.Release|Any CPU.ActiveCfg = Release|Any CPU
		{33D19B80-129B-44FD-9662-282772BCD4DC}.Release|Any CPU.Build.0 = Release|Any CPU
		{EC203D60-594B-47E0-BCB5-80643D25DAFF}.Debug|Any CPU.ActiveCfg = Debug|Any CPU
		{EC203D60-594B-47E0-BCB5-80643D25DAFF}.Debug|Any CPU.Build.0 = Debug|Any CPU
		{EC203D60-594B-47E0-BCB5-80643D25DAFF}.DebugDiag|Any CPU.ActiveCfg = Debug|Any CPU
		{EC203D60-594B-47E0-BCB5-80643D25DAFF}.DebugDiag|Any CPU.Build.0 = Debug|Any CPU
		{EC203D60-594B-47E0-BCB5-80643D25DAFF}.Release|Any CPU.ActiveCfg = Release|Any CPU
		{EC203D60-594B-47E0-BCB5-80643D25DAFF}.Release|Any CPU.Build.0 = Release|Any CPU
		{8E8C3A4B-86DF-42B4-AA59-A4F4B4E3882A}.Debug|Any CPU.ActiveCfg = Debug|Any CPU
		{8E8C3A4B-86DF-42B4-AA59-A4F4B4E3882A}.Debug|Any CPU.Build.0 = Debug|Any CPU
		{8E8C3A4B-86DF-42B4-AA59-A4F4B4E3882A}.DebugDiag|Any CPU.ActiveCfg = Debug|Any CPU
		{8E8C3A4B-86DF-42B4-AA59-A4F4B4E3882A}.DebugDiag|Any CPU.Build.0 = Debug|Any CPU
		{8E8C3A4B-86DF-42B4-AA59-A4F4B4E3882A}.Release|Any CPU.ActiveCfg = Release|Any CPU
		{8E8C3A4B-86DF-42B4-AA59-A4F4B4E3882A}.Release|Any CPU.Build.0 = Release|Any CPU
		{D471399C-8F50-422F-8965-13FFC4D24FB6}.Debug|Any CPU.ActiveCfg = Debug|Any CPU
		{D471399C-8F50-422F-8965-13FFC4D24FB6}.Debug|Any CPU.Build.0 = Debug|Any CPU
		{D471399C-8F50-422F-8965-13FFC4D24FB6}.DebugDiag|Any CPU.ActiveCfg = Debug|Any CPU
		{D471399C-8F50-422F-8965-13FFC4D24FB6}.DebugDiag|Any CPU.Build.0 = Debug|Any CPU
		{D471399C-8F50-422F-8965-13FFC4D24FB6}.Release|Any CPU.ActiveCfg = Release|Any CPU
		{D471399C-8F50-422F-8965-13FFC4D24FB6}.Release|Any CPU.Build.0 = Release|Any CPU
		{BC0B3EC7-E348-4E7D-96A9-FBBE68BD1AB3}.Debug|Any CPU.ActiveCfg = Debug|Any CPU
		{BC0B3EC7-E348-4E7D-96A9-FBBE68BD1AB3}.Debug|Any CPU.Build.0 = Debug|Any CPU
		{BC0B3EC7-E348-4E7D-96A9-FBBE68BD1AB3}.DebugDiag|Any CPU.ActiveCfg = Debug|Any CPU
		{BC0B3EC7-E348-4E7D-96A9-FBBE68BD1AB3}.DebugDiag|Any CPU.Build.0 = Debug|Any CPU
		{BC0B3EC7-E348-4E7D-96A9-FBBE68BD1AB3}.Release|Any CPU.ActiveCfg = Release|Any CPU
		{BC0B3EC7-E348-4E7D-96A9-FBBE68BD1AB3}.Release|Any CPU.Build.0 = Release|Any CPU
		{5A0C15DD-AD10-43E7-9113-C4FB1B92D3B9}.Debug|Any CPU.ActiveCfg = Debug|Any CPU
		{5A0C15DD-AD10-43E7-9113-C4FB1B92D3B9}.Debug|Any CPU.Build.0 = Debug|Any CPU
		{5A0C15DD-AD10-43E7-9113-C4FB1B92D3B9}.DebugDiag|Any CPU.ActiveCfg = Debug|Any CPU
		{5A0C15DD-AD10-43E7-9113-C4FB1B92D3B9}.DebugDiag|Any CPU.Build.0 = Debug|Any CPU
		{5A0C15DD-AD10-43E7-9113-C4FB1B92D3B9}.Release|Any CPU.ActiveCfg = Release|Any CPU
		{5A0C15DD-AD10-43E7-9113-C4FB1B92D3B9}.Release|Any CPU.Build.0 = Release|Any CPU
		{193FBAF8-9269-4131-AA66-55DDBEFA8B01}.Debug|Any CPU.ActiveCfg = Debug|Any CPU
		{193FBAF8-9269-4131-AA66-55DDBEFA8B01}.Debug|Any CPU.Build.0 = Debug|Any CPU
		{193FBAF8-9269-4131-AA66-55DDBEFA8B01}.DebugDiag|Any CPU.ActiveCfg = Debug|Any CPU
		{193FBAF8-9269-4131-AA66-55DDBEFA8B01}.DebugDiag|Any CPU.Build.0 = Debug|Any CPU
		{193FBAF8-9269-4131-AA66-55DDBEFA8B01}.Release|Any CPU.ActiveCfg = Release|Any CPU
		{193FBAF8-9269-4131-AA66-55DDBEFA8B01}.Release|Any CPU.Build.0 = Release|Any CPU
		{87659620-A0E9-4240-9BFF-BD2772755959}.Debug|Any CPU.ActiveCfg = Debug|Any CPU
		{87659620-A0E9-4240-9BFF-BD2772755959}.Debug|Any CPU.Build.0 = Debug|Any CPU
		{87659620-A0E9-4240-9BFF-BD2772755959}.DebugDiag|Any CPU.ActiveCfg = Debug|Any CPU
		{87659620-A0E9-4240-9BFF-BD2772755959}.DebugDiag|Any CPU.Build.0 = Debug|Any CPU
		{87659620-A0E9-4240-9BFF-BD2772755959}.Release|Any CPU.ActiveCfg = Release|Any CPU
		{87659620-A0E9-4240-9BFF-BD2772755959}.Release|Any CPU.Build.0 = Release|Any CPU
		{220E6D9A-907A-44A2-9FA7-945972475ABA}.Debug|Any CPU.ActiveCfg = Debug|Any CPU
		{220E6D9A-907A-44A2-9FA7-945972475ABA}.Debug|Any CPU.Build.0 = Debug|Any CPU
		{220E6D9A-907A-44A2-9FA7-945972475ABA}.DebugDiag|Any CPU.ActiveCfg = Debug|Any CPU
		{220E6D9A-907A-44A2-9FA7-945972475ABA}.DebugDiag|Any CPU.Build.0 = Debug|Any CPU
		{220E6D9A-907A-44A2-9FA7-945972475ABA}.Release|Any CPU.ActiveCfg = Release|Any CPU
		{220E6D9A-907A-44A2-9FA7-945972475ABA}.Release|Any CPU.Build.0 = Release|Any CPU
		{02211577-F0BE-4511-A9B5-A4026ACC1979}.Debug|Any CPU.ActiveCfg = Debug|Any CPU
		{02211577-F0BE-4511-A9B5-A4026ACC1979}.Debug|Any CPU.Build.0 = Debug|Any CPU
		{02211577-F0BE-4511-A9B5-A4026ACC1979}.DebugDiag|Any CPU.ActiveCfg = Debug|Any CPU
		{02211577-F0BE-4511-A9B5-A4026ACC1979}.DebugDiag|Any CPU.Build.0 = Debug|Any CPU
		{02211577-F0BE-4511-A9B5-A4026ACC1979}.Release|Any CPU.ActiveCfg = Release|Any CPU
		{02211577-F0BE-4511-A9B5-A4026ACC1979}.Release|Any CPU.Build.0 = Release|Any CPU
		{906813D8-6A71-4CC3-9033-22609FC865B7}.Debug|Any CPU.ActiveCfg = Debug|Any CPU
		{906813D8-6A71-4CC3-9033-22609FC865B7}.Debug|Any CPU.Build.0 = Debug|Any CPU
		{906813D8-6A71-4CC3-9033-22609FC865B7}.DebugDiag|Any CPU.ActiveCfg = Debug|Any CPU
		{906813D8-6A71-4CC3-9033-22609FC865B7}.DebugDiag|Any CPU.Build.0 = Debug|Any CPU
		{906813D8-6A71-4CC3-9033-22609FC865B7}.Release|Any CPU.ActiveCfg = Release|Any CPU
		{906813D8-6A71-4CC3-9033-22609FC865B7}.Release|Any CPU.Build.0 = Release|Any CPU
		{66A378A1-E9F4-4AD5-8946-D0EC06C2902F}.Debug|Any CPU.ActiveCfg = Debug|Any CPU
		{66A378A1-E9F4-4AD5-8946-D0EC06C2902F}.Debug|Any CPU.Build.0 = Debug|Any CPU
		{66A378A1-E9F4-4AD5-8946-D0EC06C2902F}.DebugDiag|Any CPU.ActiveCfg = Debug|Any CPU
		{66A378A1-E9F4-4AD5-8946-D0EC06C2902F}.DebugDiag|Any CPU.Build.0 = Debug|Any CPU
		{66A378A1-E9F4-4AD5-8946-D0EC06C2902F}.Release|Any CPU.ActiveCfg = Release|Any CPU
		{66A378A1-E9F4-4AD5-8946-D0EC06C2902F}.Release|Any CPU.Build.0 = Release|Any CPU
		{78CC29AC-CC79-4355-B1F2-97936DF198AC}.Debug|Any CPU.ActiveCfg = Debug|Any CPU
		{78CC29AC-CC79-4355-B1F2-97936DF198AC}.Debug|Any CPU.Build.0 = Debug|Any CPU
		{78CC29AC-CC79-4355-B1F2-97936DF198AC}.DebugDiag|Any CPU.ActiveCfg = Debug|Any CPU
		{78CC29AC-CC79-4355-B1F2-97936DF198AC}.DebugDiag|Any CPU.Build.0 = Debug|Any CPU
		{78CC29AC-CC79-4355-B1F2-97936DF198AC}.Release|Any CPU.ActiveCfg = Release|Any CPU
		{78CC29AC-CC79-4355-B1F2-97936DF198AC}.Release|Any CPU.Build.0 = Release|Any CPU
		{8035765F-D51F-4A0C-A746-2FD100E19419}.Debug|Any CPU.ActiveCfg = Debug|Any CPU
		{8035765F-D51F-4A0C-A746-2FD100E19419}.Debug|Any CPU.Build.0 = Debug|Any CPU
		{8035765F-D51F-4A0C-A746-2FD100E19419}.DebugDiag|Any CPU.ActiveCfg = Debug|Any CPU
		{8035765F-D51F-4A0C-A746-2FD100E19419}.DebugDiag|Any CPU.Build.0 = Debug|Any CPU
		{8035765F-D51F-4A0C-A746-2FD100E19419}.Release|Any CPU.ActiveCfg = Release|Any CPU
		{8035765F-D51F-4A0C-A746-2FD100E19419}.Release|Any CPU.Build.0 = Release|Any CPU
		{88DA149F-21B2-48AB-82C4-28FB6BDFD783}.Debug|Any CPU.ActiveCfg = Debug|Any CPU
		{88DA149F-21B2-48AB-82C4-28FB6BDFD783}.Debug|Any CPU.Build.0 = Debug|Any CPU
		{88DA149F-21B2-48AB-82C4-28FB6BDFD783}.DebugDiag|Any CPU.ActiveCfg = Debug|Any CPU
		{88DA149F-21B2-48AB-82C4-28FB6BDFD783}.DebugDiag|Any CPU.Build.0 = Debug|Any CPU
		{88DA149F-21B2-48AB-82C4-28FB6BDFD783}.Release|Any CPU.ActiveCfg = Release|Any CPU
		{88DA149F-21B2-48AB-82C4-28FB6BDFD783}.Release|Any CPU.Build.0 = Release|Any CPU
		{A1B3C017-AD96-4AE2-B6FF-9C8948393A39}.Debug|Any CPU.ActiveCfg = Debug|Any CPU
		{A1B3C017-AD96-4AE2-B6FF-9C8948393A39}.Debug|Any CPU.Build.0 = Debug|Any CPU
		{A1B3C017-AD96-4AE2-B6FF-9C8948393A39}.DebugDiag|Any CPU.ActiveCfg = Debug|Any CPU
		{A1B3C017-AD96-4AE2-B6FF-9C8948393A39}.DebugDiag|Any CPU.Build.0 = Debug|Any CPU
		{A1B3C017-AD96-4AE2-B6FF-9C8948393A39}.Release|Any CPU.ActiveCfg = Release|Any CPU
		{A1B3C017-AD96-4AE2-B6FF-9C8948393A39}.Release|Any CPU.Build.0 = Release|Any CPU
		{89D489D6-8881-4E43-A760-48051FAC6C41}.Debug|Any CPU.ActiveCfg = Debug|Any CPU
		{89D489D6-8881-4E43-A760-48051FAC6C41}.Debug|Any CPU.Build.0 = Debug|Any CPU
		{89D489D6-8881-4E43-A760-48051FAC6C41}.DebugDiag|Any CPU.ActiveCfg = Debug|Any CPU
		{89D489D6-8881-4E43-A760-48051FAC6C41}.DebugDiag|Any CPU.Build.0 = Debug|Any CPU
		{89D489D6-8881-4E43-A760-48051FAC6C41}.Release|Any CPU.ActiveCfg = Release|Any CPU
		{89D489D6-8881-4E43-A760-48051FAC6C41}.Release|Any CPU.Build.0 = Release|Any CPU
		{D1320FB8-333D-4072-880D-BD5137933D2F}.Debug|Any CPU.ActiveCfg = Debug|Any CPU
		{D1320FB8-333D-4072-880D-BD5137933D2F}.Debug|Any CPU.Build.0 = Debug|Any CPU
		{D1320FB8-333D-4072-880D-BD5137933D2F}.DebugDiag|Any CPU.ActiveCfg = Debug|Any CPU
		{D1320FB8-333D-4072-880D-BD5137933D2F}.DebugDiag|Any CPU.Build.0 = Debug|Any CPU
		{D1320FB8-333D-4072-880D-BD5137933D2F}.Release|Any CPU.ActiveCfg = Release|Any CPU
		{D1320FB8-333D-4072-880D-BD5137933D2F}.Release|Any CPU.Build.0 = Release|Any CPU
		{64342646-DAD9-441C-A270-2A7DD2228A42}.Debug|Any CPU.ActiveCfg = Debug|Any CPU
		{64342646-DAD9-441C-A270-2A7DD2228A42}.Debug|Any CPU.Build.0 = Debug|Any CPU
		{64342646-DAD9-441C-A270-2A7DD2228A42}.DebugDiag|Any CPU.ActiveCfg = Debug|Any CPU
		{64342646-DAD9-441C-A270-2A7DD2228A42}.DebugDiag|Any CPU.Build.0 = Debug|Any CPU
		{64342646-DAD9-441C-A270-2A7DD2228A42}.Release|Any CPU.ActiveCfg = Release|Any CPU
		{64342646-DAD9-441C-A270-2A7DD2228A42}.Release|Any CPU.Build.0 = Release|Any CPU
		{52DC947D-677D-42CA-BCA6-153A4E027272}.Debug|Any CPU.ActiveCfg = Debug|Any CPU
		{52DC947D-677D-42CA-BCA6-153A4E027272}.Debug|Any CPU.Build.0 = Debug|Any CPU
		{52DC947D-677D-42CA-BCA6-153A4E027272}.DebugDiag|Any CPU.ActiveCfg = Debug|Any CPU
		{52DC947D-677D-42CA-BCA6-153A4E027272}.DebugDiag|Any CPU.Build.0 = Debug|Any CPU
		{52DC947D-677D-42CA-BCA6-153A4E027272}.Release|Any CPU.ActiveCfg = Release|Any CPU
		{52DC947D-677D-42CA-BCA6-153A4E027272}.Release|Any CPU.Build.0 = Release|Any CPU
		{4C92FCF4-3561-499F-BC5B-F2F089863047}.Debug|Any CPU.ActiveCfg = Debug|Any CPU
		{4C92FCF4-3561-499F-BC5B-F2F089863047}.Debug|Any CPU.Build.0 = Debug|Any CPU
		{4C92FCF4-3561-499F-BC5B-F2F089863047}.DebugDiag|Any CPU.ActiveCfg = Debug|Any CPU
		{4C92FCF4-3561-499F-BC5B-F2F089863047}.DebugDiag|Any CPU.Build.0 = Debug|Any CPU
		{4C92FCF4-3561-499F-BC5B-F2F089863047}.Release|Any CPU.ActiveCfg = Release|Any CPU
		{4C92FCF4-3561-499F-BC5B-F2F089863047}.Release|Any CPU.Build.0 = Release|Any CPU
		{06002742-2A42-4E40-8CA0-011A9093791B}.Debug|Any CPU.ActiveCfg = Debug|Any CPU
		{06002742-2A42-4E40-8CA0-011A9093791B}.Debug|Any CPU.Build.0 = Debug|Any CPU
		{06002742-2A42-4E40-8CA0-011A9093791B}.DebugDiag|Any CPU.ActiveCfg = Debug|Any CPU
		{06002742-2A42-4E40-8CA0-011A9093791B}.DebugDiag|Any CPU.Build.0 = Debug|Any CPU
		{06002742-2A42-4E40-8CA0-011A9093791B}.Release|Any CPU.ActiveCfg = Release|Any CPU
		{06002742-2A42-4E40-8CA0-011A9093791B}.Release|Any CPU.Build.0 = Release|Any CPU
		{AA244D31-0BE9-4AD9-BCAF-25D21298552E}.Debug|Any CPU.ActiveCfg = Debug|Any CPU
		{AA244D31-0BE9-4AD9-BCAF-25D21298552E}.Debug|Any CPU.Build.0 = Debug|Any CPU
		{AA244D31-0BE9-4AD9-BCAF-25D21298552E}.DebugDiag|Any CPU.ActiveCfg = Debug|Any CPU
		{AA244D31-0BE9-4AD9-BCAF-25D21298552E}.DebugDiag|Any CPU.Build.0 = Debug|Any CPU
		{AA244D31-0BE9-4AD9-BCAF-25D21298552E}.Release|Any CPU.ActiveCfg = Release|Any CPU
		{AA244D31-0BE9-4AD9-BCAF-25D21298552E}.Release|Any CPU.Build.0 = Release|Any CPU
		{4E67A54F-A057-4FE7-9E5D-C40A5C465AEA}.Debug|Any CPU.ActiveCfg = Debug|Any CPU
		{4E67A54F-A057-4FE7-9E5D-C40A5C465AEA}.Debug|Any CPU.Build.0 = Debug|Any CPU
		{4E67A54F-A057-4FE7-9E5D-C40A5C465AEA}.DebugDiag|Any CPU.ActiveCfg = Debug|Any CPU
		{4E67A54F-A057-4FE7-9E5D-C40A5C465AEA}.DebugDiag|Any CPU.Build.0 = Debug|Any CPU
		{4E67A54F-A057-4FE7-9E5D-C40A5C465AEA}.Release|Any CPU.ActiveCfg = Release|Any CPU
		{4E67A54F-A057-4FE7-9E5D-C40A5C465AEA}.Release|Any CPU.Build.0 = Release|Any CPU
		{7923BC55-C796-4711-87A7-EABE1981C3FE}.Debug|Any CPU.ActiveCfg = Debug|Any CPU
		{7923BC55-C796-4711-87A7-EABE1981C3FE}.Debug|Any CPU.Build.0 = Debug|Any CPU
		{7923BC55-C796-4711-87A7-EABE1981C3FE}.DebugDiag|Any CPU.ActiveCfg = Debug|Any CPU
		{7923BC55-C796-4711-87A7-EABE1981C3FE}.DebugDiag|Any CPU.Build.0 = Debug|Any CPU
		{7923BC55-C796-4711-87A7-EABE1981C3FE}.Release|Any CPU.ActiveCfg = Release|Any CPU
		{7923BC55-C796-4711-87A7-EABE1981C3FE}.Release|Any CPU.Build.0 = Release|Any CPU
		{7D912622-055C-4B2C-8EE4-52D8F1C25F73}.Debug|Any CPU.ActiveCfg = Debug|Any CPU
		{7D912622-055C-4B2C-8EE4-52D8F1C25F73}.Debug|Any CPU.Build.0 = Debug|Any CPU
		{7D912622-055C-4B2C-8EE4-52D8F1C25F73}.DebugDiag|Any CPU.ActiveCfg = Debug|Any CPU
		{7D912622-055C-4B2C-8EE4-52D8F1C25F73}.DebugDiag|Any CPU.Build.0 = Debug|Any CPU
		{7D912622-055C-4B2C-8EE4-52D8F1C25F73}.Release|Any CPU.ActiveCfg = Release|Any CPU
		{7D912622-055C-4B2C-8EE4-52D8F1C25F73}.Release|Any CPU.Build.0 = Release|Any CPU
		{2665047F-0C51-458B-87A4-0D1BA264FEFD}.Debug|Any CPU.ActiveCfg = Debug|Any CPU
		{2665047F-0C51-458B-87A4-0D1BA264FEFD}.Debug|Any CPU.Build.0 = Debug|Any CPU
		{2665047F-0C51-458B-87A4-0D1BA264FEFD}.DebugDiag|Any CPU.ActiveCfg = Debug|Any CPU
		{2665047F-0C51-458B-87A4-0D1BA264FEFD}.DebugDiag|Any CPU.Build.0 = Debug|Any CPU
		{2665047F-0C51-458B-87A4-0D1BA264FEFD}.Release|Any CPU.ActiveCfg = Release|Any CPU
		{2665047F-0C51-458B-87A4-0D1BA264FEFD}.Release|Any CPU.Build.0 = Release|Any CPU
		{099CAF77-67A9-4ED5-B5D9-8709796F3628}.Debug|Any CPU.ActiveCfg = Debug|Any CPU
		{099CAF77-67A9-4ED5-B5D9-8709796F3628}.Debug|Any CPU.Build.0 = Debug|Any CPU
		{099CAF77-67A9-4ED5-B5D9-8709796F3628}.DebugDiag|Any CPU.ActiveCfg = Debug|Any CPU
		{099CAF77-67A9-4ED5-B5D9-8709796F3628}.DebugDiag|Any CPU.Build.0 = Debug|Any CPU
		{099CAF77-67A9-4ED5-B5D9-8709796F3628}.Release|Any CPU.ActiveCfg = Release|Any CPU
		{099CAF77-67A9-4ED5-B5D9-8709796F3628}.Release|Any CPU.Build.0 = Release|Any CPU
		{7931F65B-3C2A-4DB9-A5A6-4BC5B4D12C00}.Debug|Any CPU.ActiveCfg = Debug|Any CPU
		{7931F65B-3C2A-4DB9-A5A6-4BC5B4D12C00}.Debug|Any CPU.Build.0 = Debug|Any CPU
		{7931F65B-3C2A-4DB9-A5A6-4BC5B4D12C00}.DebugDiag|Any CPU.ActiveCfg = Debug|Any CPU
		{7931F65B-3C2A-4DB9-A5A6-4BC5B4D12C00}.DebugDiag|Any CPU.Build.0 = Debug|Any CPU
		{7931F65B-3C2A-4DB9-A5A6-4BC5B4D12C00}.Release|Any CPU.ActiveCfg = Release|Any CPU
		{7931F65B-3C2A-4DB9-A5A6-4BC5B4D12C00}.Release|Any CPU.Build.0 = Release|Any CPU
		{71C000C3-7BEF-410E-9922-7282476FCEAD}.Debug|Any CPU.ActiveCfg = Debug|Any CPU
		{71C000C3-7BEF-410E-9922-7282476FCEAD}.Debug|Any CPU.Build.0 = Debug|Any CPU
		{71C000C3-7BEF-410E-9922-7282476FCEAD}.DebugDiag|Any CPU.ActiveCfg = Debug|Any CPU
		{71C000C3-7BEF-410E-9922-7282476FCEAD}.DebugDiag|Any CPU.Build.0 = Debug|Any CPU
		{71C000C3-7BEF-410E-9922-7282476FCEAD}.Release|Any CPU.ActiveCfg = Release|Any CPU
		{71C000C3-7BEF-410E-9922-7282476FCEAD}.Release|Any CPU.Build.0 = Release|Any CPU
		{746E71A0-CC5A-4A1F-BE03-76AFCF9FAB12}.Debug|Any CPU.ActiveCfg = Debug|Any CPU
		{746E71A0-CC5A-4A1F-BE03-76AFCF9FAB12}.DebugDiag|Any CPU.ActiveCfg = Debug|Any CPU
		{746E71A0-CC5A-4A1F-BE03-76AFCF9FAB12}.DebugDiag|Any CPU.Build.0 = Debug|Any CPU
		{746E71A0-CC5A-4A1F-BE03-76AFCF9FAB12}.DebugDiag|Any CPU.Deploy.0 = Debug|Any CPU
		{746E71A0-CC5A-4A1F-BE03-76AFCF9FAB12}.Release|Any CPU.ActiveCfg = Release|Any CPU
		{746E71A0-CC5A-4A1F-BE03-76AFCF9FAB12}.Release|Any CPU.Deploy.0 = Release|Any CPU
		{F9620201-705D-432C-8941-353E9BFFE5E0}.Debug|Any CPU.ActiveCfg = Debug|Any CPU
		{F9620201-705D-432C-8941-353E9BFFE5E0}.Debug|Any CPU.Build.0 = Debug|Any CPU
		{F9620201-705D-432C-8941-353E9BFFE5E0}.DebugDiag|Any CPU.ActiveCfg = Debug|Any CPU
		{F9620201-705D-432C-8941-353E9BFFE5E0}.DebugDiag|Any CPU.Build.0 = Debug|Any CPU
		{F9620201-705D-432C-8941-353E9BFFE5E0}.Release|Any CPU.ActiveCfg = Release|Any CPU
		{F9620201-705D-432C-8941-353E9BFFE5E0}.Release|Any CPU.Build.0 = Release|Any CPU
		{F9620201-705D-432C-8941-353E9BFFE5E1}.Debug|Any CPU.ActiveCfg = Debug|Any CPU
		{F9620201-705D-432C-8941-353E9BFFE5E1}.Debug|Any CPU.Build.0 = Debug|Any CPU
		{F9620201-705D-432C-8941-353E9BFFE5E1}.DebugDiag|Any CPU.ActiveCfg = Debug|Any CPU
		{F9620201-705D-432C-8941-353E9BFFE5E1}.DebugDiag|Any CPU.Build.0 = Debug|Any CPU
		{F9620201-705D-432C-8941-353E9BFFE5E1}.Release|Any CPU.ActiveCfg = Release|Any CPU
		{F9620201-705D-432C-8941-353E9BFFE5E1}.Release|Any CPU.Build.0 = Release|Any CPU
	EndGlobalSection
	GlobalSection(SolutionProperties) = preSolution
		HideSolutionNode = FALSE
	EndGlobalSection
	GlobalSection(NestedProjects) = preSolution
		{16FB4111-5110-46E5-851D-38A4D7522F85} = {B5C7FEEF-A87E-4FDE-8092-3A03B1E092A9}
		{893D3B1B-DC55-4684-8B5D-941F1049151B} = {067BD0FA-9526-4698-A6B7-EEC70587830B}
		{96014A57-E700-478F-850E-452E9BFCAA90} = {067BD0FA-9526-4698-A6B7-EEC70587830B}
		{A294786A-0921-4773-A0BF-F98F5AFCAE0D} = {067BD0FA-9526-4698-A6B7-EEC70587830B}
		{C45A850D-9405-44B4-BF9B-6A4770E241F5} = {7C70B05D-F74B-4139-A1DE-1FB01A6ED3F6}
		{C148BF91-2958-4C8D-8218-CD8CA0C0437D} = {7C70B05D-F74B-4139-A1DE-1FB01A6ED3F6}
		{B5C7FEEF-A87E-4FDE-8092-3A03B1E092A9} = {7C70B05D-F74B-4139-A1DE-1FB01A6ED3F6}
		{0D4C184E-1281-47E6-A4CB-E4EA4E442896} = {7C70B05D-F74B-4139-A1DE-1FB01A6ED3F6}
		{067BD0FA-9526-4698-A6B7-EEC70587830B} = {7C70B05D-F74B-4139-A1DE-1FB01A6ED3F6}
		{763EA3DC-3FB4-4D74-A252-A6A8811F0461} = {C148BF91-2958-4C8D-8218-CD8CA0C0437D}
		{25779059-D15F-48CD-88BD-7DEA111A2036} = {0D4C184E-1281-47E6-A4CB-E4EA4E442896}
		{889DAD2E-8E03-4A47-9A24-8EE759B37A70} = {0D4C184E-1281-47E6-A4CB-E4EA4E442896}
		{BB162D04-7C12-4700-AB7D-9D1A5B823E2E} = {0D4C184E-1281-47E6-A4CB-E4EA4E442896}
		{3A9383D8-5C6D-429C-89D3-57C1D2565AD1} = {067BD0FA-9526-4698-A6B7-EEC70587830B}
		{66484708-85BD-47C4-92DD-3010387465F4} = {067BD0FA-9526-4698-A6B7-EEC70587830B}
		{6AD88CAF-A168-4BC2-9ECE-F62E7B216465} = {067BD0FA-9526-4698-A6B7-EEC70587830B}
		{1B33DCDB-80FD-4029-AA95-E1760FA3EADF} = {067BD0FA-9526-4698-A6B7-EEC70587830B}
		{9D0A5A8E-7C05-4F37-8E98-848C8E9DB4E4} = {213CEB9A-795B-48BE-8FB5-86CD2D1AD63F}
		{D82E92F5-AEB2-4826-812B-2AA51B7BC069} = {213CEB9A-795B-48BE-8FB5-86CD2D1AD63F}
		{33D19B80-129B-44FD-9662-282772BCD4DC} = {213CEB9A-795B-48BE-8FB5-86CD2D1AD63F}
		{EC203D60-594B-47E0-BCB5-80643D25DAFF} = {213CEB9A-795B-48BE-8FB5-86CD2D1AD63F}
		{8E8C3A4B-86DF-42B4-AA59-A4F4B4E3882A} = {213CEB9A-795B-48BE-8FB5-86CD2D1AD63F}
		{D471399C-8F50-422F-8965-13FFC4D24FB6} = {213CEB9A-795B-48BE-8FB5-86CD2D1AD63F}
		{BC0B3EC7-E348-4E7D-96A9-FBBE68BD1AB3} = {3C7E5EA9-3F24-4077-BD6D-28C8B8B805E3}
		{5A0C15DD-AD10-43E7-9113-C4FB1B92D3B9} = {F4A3E5B7-F8EA-41BB-A00A-C75D60754CAE}
		{193FBAF8-9269-4131-AA66-55DDBEFA8B01} = {C6192895-C25E-4A60-8606-7925C4D9374A}
		{87659620-A0E9-4240-9BFF-BD2772755959} = {C45A850D-9405-44B4-BF9B-6A4770E241F5}
		{220E6D9A-907A-44A2-9FA7-945972475ABA} = {C45A850D-9405-44B4-BF9B-6A4770E241F5}
		{02211577-F0BE-4511-A9B5-A4026ACC1979} = {C45A850D-9405-44B4-BF9B-6A4770E241F5}
		{906813D8-6A71-4CC3-9033-22609FC865B7} = {C45A850D-9405-44B4-BF9B-6A4770E241F5}
		{66A378A1-E9F4-4AD5-8946-D0EC06C2902F} = {0D4C184E-1281-47E6-A4CB-E4EA4E442896}
		{78CC29AC-CC79-4355-B1F2-97936DF198AC} = {0D4C184E-1281-47E6-A4CB-E4EA4E442896}
		{8035765F-D51F-4A0C-A746-2FD100E19419} = {0D4C184E-1281-47E6-A4CB-E4EA4E442896}
		{88DA149F-21B2-48AB-82C4-28FB6BDFD783} = {0D4C184E-1281-47E6-A4CB-E4EA4E442896}
		{A1B3C017-AD96-4AE2-B6FF-9C8948393A39} = {3C7E5EA9-3F24-4077-BD6D-28C8B8B805E3}
		{89D489D6-8881-4E43-A760-48051FAC6C41} = {3C7E5EA9-3F24-4077-BD6D-28C8B8B805E3}
		{D1320FB8-333D-4072-880D-BD5137933D2F} = {3C7E5EA9-3F24-4077-BD6D-28C8B8B805E3}
		{64342646-DAD9-441C-A270-2A7DD2228A42} = {213CEB9A-795B-48BE-8FB5-86CD2D1AD63F}
		{52DC947D-677D-42CA-BCA6-153A4E027272} = {3C7E5EA9-3F24-4077-BD6D-28C8B8B805E3}
		{4C92FCF4-3561-499F-BC5B-F2F089863047} = {0D4C184E-1281-47E6-A4CB-E4EA4E442896}
		{06002742-2A42-4E40-8CA0-011A9093791B} = {B5C7FEEF-A87E-4FDE-8092-3A03B1E092A9}
		{AA244D31-0BE9-4AD9-BCAF-25D21298552E} = {B5C7FEEF-A87E-4FDE-8092-3A03B1E092A9}
		{4E67A54F-A057-4FE7-9E5D-C40A5C465AEA} = {3C7E5EA9-3F24-4077-BD6D-28C8B8B805E3}
		{7923BC55-C796-4711-87A7-EABE1981C3FE} = {3C7E5EA9-3F24-4077-BD6D-28C8B8B805E3}
		{7D912622-055C-4B2C-8EE4-52D8F1C25F73} = {067BD0FA-9526-4698-A6B7-EEC70587830B}
		{2665047F-0C51-458B-87A4-0D1BA264FEFD} = {067BD0FA-9526-4698-A6B7-EEC70587830B}
		{099CAF77-67A9-4ED5-B5D9-8709796F3628} = {3C7E5EA9-3F24-4077-BD6D-28C8B8B805E3}
		{1131F03B-F0F7-4AB7-AD22-8207D49C2E24} = {3C7E5EA9-3F24-4077-BD6D-28C8B8B805E3}
		{0C232936-48B8-4CCD-951E-8AD3D439D264} = {067BD0FA-9526-4698-A6B7-EEC70587830B}
		{7931F65B-3C2A-4DB9-A5A6-4BC5B4D12C00} = {067BD0FA-9526-4698-A6B7-EEC70587830B}
		{47F013C1-E869-419E-8B17-C56313ACC34B} = {3C7E5EA9-3F24-4077-BD6D-28C8B8B805E3}
		{FE279FBA-181F-4D15-BBE8-8820CAF186B2} = {B5C7FEEF-A87E-4FDE-8092-3A03B1E092A9}
		{6D353DD2-970B-45BB-9AB6-D23A28E0233F} = {067BD0FA-9526-4698-A6B7-EEC70587830B}
		{AE832FBC-6E4E-4AD5-A2D6-04B45C1B1B5E} = {F4A3E5B7-F8EA-41BB-A00A-C75D60754CAE}
		{71C000C3-7BEF-410E-9922-7282476FCEAD} = {3C7E5EA9-3F24-4077-BD6D-28C8B8B805E3}
		{746E71A0-CC5A-4A1F-BE03-76AFCF9FAB12} = {B5C7FEEF-A87E-4FDE-8092-3A03B1E092A9}
		{38889580-0345-42CC-AB4D-931CA15AFA85} = {067BD0FA-9526-4698-A6B7-EEC70587830B}
		{F9620201-705D-432C-8941-353E9BFFE5E0} = {067BD0FA-9526-4698-A6B7-EEC70587830B}
		{F9620201-705D-432C-8941-353E9BFFE5E1} = {067BD0FA-9526-4698-A6B7-EEC70587830B}
	EndGlobalSection
	GlobalSection(ExtensibilityGlobals) = postSolution
		SolutionGuid = {D3D892D3-D698-40B1-927D-CB943150F1E1}
	EndGlobalSection
	GlobalSection(SharedMSBuildProjectFiles) = preSolution
		gip.mes.webservices.shared\gip.mes.webservices.shared.projitems*{099caf77-67a9-4ed5-b5d9-8709796f3628}*SharedItemsImports = 4
		..\iPlus\gip.core.webservices.shared\gip.core.webservices.shared.projitems*{0c232936-48b8-4ccd-951e-8ad3d439d264}*SharedItemsImports = 13
		gip.mes.webservices.shared\gip.mes.webservices.shared.projitems*{1131f03b-f0f7-4ab7-ad22-8207d49c2e24}*SharedItemsImports = 13
		..\iPlus\gip.core.datamodel.shared\gip.core.datamodel.shared.projitems*{16fb4111-5110-46e5-851d-38a4d7522f85}*SharedItemsImports = 4
		..\iPlus\gip.core.processapplication.shared\gip.core.processapplication.shared.projitems*{38889580-0345-42cc-ab4d-931ca15afa85}*SharedItemsImports = 13
		gip.mes.facility.shared\gip.mes.facility.shared.projitems*{47f013c1-e869-419e-8b17-c56313acc34b}*SharedItemsImports = 13
		gip.mes.facility.shared\gip.mes.facility.shared.projitems*{52dc947d-677d-42ca-bca6-153a4e027272}*SharedItemsImports = 4
		gip.mes.datamodel.shared\gip.mes.datamodel.shared.projitems*{5a0c15dd-ad10-43e7-9113-c4fb1b92d3b9}*SharedItemsImports = 4
		..\iPlus\gip.core.processapplication.shared\gip.core.processapplication.shared.projitems*{66484708-85bd-47c4-92dd-3010387465f4}*SharedItemsImports = 4
		..\iPlus\gip.core.autocomponent.shared\gip.core.autocomponent.shared.projitems*{6d353dd2-970b-45bb-9ab6-d23a28e0233f}*SharedItemsImports = 13
		..\iPlus\gip.core.webservices.shared\gip.core.webservices.shared.projitems*{7931f65b-3c2a-4db9-a5a6-4bc5b4d12c00}*SharedItemsImports = 4
		..\iPlus\gip.core.autocomponent.shared\gip.core.autocomponent.shared.projitems*{893d3b1b-dc55-4684-8b5d-941f1049151b}*SharedItemsImports = 4
		gip.mes.datamodel.shared\gip.mes.datamodel.shared.projitems*{ae832fbc-6e4e-4ad5-a2d6-04b45c1b1b5e}*SharedItemsImports = 13
		..\iPlus\gip.core.datamodel.shared\gip.core.datamodel.shared.projitems*{fe279fba-181f-4d15-bbe8-8820caf186b2}*SharedItemsImports = 13
	EndGlobalSection
EndGlobal
